{
  "originHash" : "6de6ef8d2d8f6e2ade95969495c6b1f9a115be570d3e9f751c8ce0640fb18f53",
  "pins" : [
    {
      "identity" : "axswift",
      "kind" : "remoteSourceControl",
      "location" : "https://github.com/mredig/AXSwift",
      "state" : {
        "revision" : "81dcc36aced905d6464cc25e35f8d13184bbf21c",
        "version" : "0.3.2"
      }
    },
    {
      "identity" : "sparkle",
      "kind" : "remoteSourceControl",
      "location" : "https://github.com/sparkle-project/Sparkle",
      "state" : {
        "revision" : "9a1d2a19d3595fcf8d9c447173f9a1687b3dcadb",
        "version" : "2.8.0"
      }
    }
  ],
  "version" : 3
}
