{
  "originHash" : "256b98abbe04f8c9e316276743f01f93ec14b99236d5b3f17e39d22149f507e4",
  "pins" : [
    {
      "identity" : "axswift",
      "kind" : "remoteSourceControl",
      "location" : "https://github.com/cmsj/AXSwift",
      "state" : {
        "branch" : "main",
        "revision" : "900b61b2acd7db40d1fc245a71d9176dd2d8e5d3"
      }
    },
    {
      "identity" : "sparkle",
      "kind" : "remoteSourceControl",
      "location" : "https://github.com/sparkle-project/Sparkle",
      "state" : {
        "revision" : "9a1d2a19d3595fcf8d9c447173f9a1687b3dcadb",
        "version" : "2.8.0"
      }
    }
  ],
  "version" : 3
}
